PODS:
  - Alamofire (4.8.2)
  - Kingfisher (5.5.0)

DEPENDENCIES:
  - Alamofire
  - Kingfisher

SPEC REPOS:
  https://github.com/cocoapods/specs.git:
    - Alamofire
    - Kingfisher

SPEC CHECKSUMS:
  Alamofire: ae5c501addb7afdbb13687d7f2f722c78734c2d3
  Kingfisher: 6fe5e67a90fd335e49b0f5c075ff55ac5ebedd94

PODFILE CHECKSUM: d7f0e14b0705c71e5697a1ace38dd37ddbac5909

COCOAPODS: 1.7.1
